// !$*UTF8*$!
{
	archiveVersion = 1;
	classes = {
	};
	objectVersion = 55;
	objects = {

/* Begin PBXBuildFile section */
		BA71CB3227962A430044D3E3 /* AppDelegate.swift in Sources */ = {isa = PBXBuildFile; fileRef = BA71CB3127962A430044D3E3 /* AppDelegate.swift */; };
		BA71CB3427962A430044D3E3 /* SceneDelegate.swift in Sources */ = {isa = PBXBuildFile; fileRef = BA71CB3327962A430044D3E3 /* SceneDelegate.swift */; };
		BA71CB3627962A430044D3E3 /* ViewController.swift in Sources */ = {isa = PBXBuildFile; fileRef = BA71CB3527962A430044D3E3 /* ViewController.swift */; };
		BA71CB3927962A430044D3E3 /* Main.storyboard in Resources */ = {isa = PBXBuildFile; fileRef = BA71CB3727962A430044D3E3 /* Main.storyboard */; };
		BA71CB3B27962A440044D3E3 /* Assets.xcassets in Resources */ = {isa = PBXBuildFile; fileRef = BA71CB3A27962A440044D3E3 /* Assets.xcassets */; };
		BA71CB3E27962A440044D3E3 /* LaunchScreen.storyboard in Resources */ = {isa = PBXBuildFile; fileRef = BA71CB3C27962A440044D3E3 /* LaunchScreen.storyboard */; };
		BA71CB49279650660044D3E3 /* Game.swift in Sources */ = {isa = PBXBuildFile; fileRef = BA71CB48279650660044D3E3 /* Game.swift */; };
/* End PBXBuildFile section */

/* Begin PBXFileReference section */
		BA71CB2E27962A430044D3E3 /* Lab1_OnurcanSever_C0830345_iOS.app */ = {isa = PBXFileReference; explicitFileType = wrapper.application; includeInIndex = 0; path = Lab1_OnurcanSever_C0830345_iOS.app; sourceTree = BUILT_PRODUCTS_DIR; };
		BA71CB3127962A430044D3E3 /* AppDelegate.swift */ = {isa = PBXFileReference; lastKnownFileType = sourcecode.swift; path = AppDelegate.swift; sourceTree = "<group>"; };
		BA71CB3327962A430044D3E3 /* SceneDelegate.swift */ = {isa = PBXFileReference; lastKnownFileType = sourcecode.swift; path = SceneDelegate.swift; sourceTree = "<group>"; };
		BA71CB3527962A430044D3E3 /* ViewController.swift */ = {isa = PBXFileReference; lastKnownFileType = sourcecode.swift; path = ViewController.swift; sourceTree = "<group>"; };
		BA71CB3827962A430044D3E3 /* Base */ = {isa = PBXFileReference; lastKnownFileType = file.storyboard; name = Base; path = Base.lproj/Main.storyboard; sourceTree = "<group>"; };
		BA71CB3A27962A440044D3E3 /* Assets.xcassets */ = {isa = PBXFileReference; lastKnownFileType = folder.assetcatalog; path = Assets.xcassets; sourceTree = "<group>"; };
		BA71CB3D27962A440044D3E3 /* Base */ = {isa = PBXFileReference; lastKnownFileType = file.storyboard; name = Base; path = Base.lproj/LaunchScreen.storyboard; sourceTree = "<group>"; };
		BA71CB3F27962A440044D3E3 /* Info.plist */ = {isa = PBXFileReference; lastKnownFileType = text.plist.xml; path = Info.plist; sourceTree = "<group>"; };
		BA71CB48279650660044D3E3 /* Game.swift */ = {isa = PBXFileReference; lastKnownFileType = sourcecode.swift; path = Game.swift; sourceTree = "<group>"; };
/* End PBXFileReference section */

/* Begin PBXFrameworksBuildPhase section */
		BA71CB2B27962A430044D3E3 /* Frameworks */ = {
			isa = PBXFrameworksBuildPhase;
			buildActionMask = 2147483647;
			files = (
			);
			runOnlyForDeploymentPostprocessing = 0;
		};
/* End PBXFrameworksBuildPhase section */

/* Begin PBXGroup section */
		BA24A34E279733F500E80189 /* Utilities */ = {
			isa = PBXGroup;
			children = (
				BA71CB3127962A430044D3E3 /* AppDelegate.swift */,
				BA71CB3327962A430044D3E3 /* SceneDelegate.swift */,
			);
			path = Utilities;
			sourceTree = "<group>";
		};
		BA71CB2527962A430044D3E3 = {
			isa = PBXGroup;
			children = (
				BA71CB3027962A430044D3E3 /* Lab1_OnurcanSever_C0830345_iOS */,
				BA71CB2F27962A430044D3E3 /* Products */,
			);
			sourceTree = "<group>";
		};
		BA71CB2F27962A430044D3E3 /* Products */ = {
			isa = PBXGroup;
			children = (
				BA71CB2E27962A430044D3E3 /* Lab1_OnurcanSever_C0830345_iOS.app */,
			);
			name = Products;
			sourceTree = "<group>";
		};
		BA71CB3027962A430044D3E3 /* Lab1_OnurcanSever_C0830345_iOS */ = {
			isa = PBXGroup;
			children = (
				BA24A34E279733F500E80189 /* Utilities */,
				BA71CB4527964F970044D3E3 /* Model */,
				BA71CB4627964FA20044D3E3 /* View */,
				BA71CB4727964FA70044D3E3 /* Controller */,
				BA71CB3A27962A440044D3E3 /* Assets.xcassets */,
				BA71CB3F27962A440044D3E3 /* Info.plist */,
			);
			path = Lab1_OnurcanSever_C0830345_iOS;
			sourceTree = "<group>";
		};
		BA71CB4527964F970044D3E3 /* Model */ = {
			isa = PBXGroup;
			children = (
				BA71CB48279650660044D3E3 /* Game.swift */,
			);
			path = Model;
			sourceTree = "<group>";
		};
		BA71CB4627964FA20044D3E3 /* View */ = {
			isa = PBXGroup;
			children = (
				BA71CB3727962A430044D3E3 /* Main.storyboard */,
				BA71CB3C27962A440044D3E3 /* LaunchScreen.storyboard */,
			);
			path = View;
			sourceTree = "<group>";
		};
		BA71CB4727964FA70044D3E3 /* Controller */ = {
			isa = PBXGroup;
			children = (
				BA71CB3527962A430044D3E3 /* ViewController.swift */,
			);
			path = Controller;
			sourceTree = "<group>";
		};
/* End PBXGroup section */

/* Begin PBXNativeTarget section */
		BA71CB2D27962A430044D3E3 /* Lab1_OnurcanSever_C0830345_iOS */ = {
			isa = PBXNativeTarget;
			buildConfigurationList = BA71CB4227962A440044D3E3 /* Build configuration list for PBXNativeTarget "Lab1_OnurcanSever_C0830345_iOS" */;
			buildPhases = (
				BA71CB2A27962A430044D3E3 /* Sources */,
				BA71CB2B27962A430044D3E3 /* Frameworks */,
				BA71CB2C27962A430044D3E3 /* Resources */,
			);
			buildRules = (
			);
			dependencies = (
			);
			name = Lab1_OnurcanSever_C0830345_iOS;
			productName = Lab1_OnurcanSever_C0830345_iOS;
			productReference = BA71CB2E27962A430044D3E3 /* Lab1_OnurcanSever_C0830345_iOS.app */;
			productType = "com.apple.product-type.application";
		};
/* End PBXNativeTarget section */

/* Begin PBXProject section */
		BA71CB2627962A430044D3E3 /* Project object */ = {
			isa = PBXProject;
			attributes = {
				BuildIndependentTargetsInParallel = 1;
				LastSwiftUpdateCheck = 1320;
				LastUpgradeCheck = 1320;
				TargetAttributes = {
					BA71CB2D27962A430044D3E3 = {
						CreatedOnToolsVersion = 13.2.1;
					};
				};
			};
			buildConfigurationList = BA71CB2927962A430044D3E3 /* Build configuration list for PBXProject "Lab1_OnurcanSever_C0830345_iOS" */;
			compatibilityVersion = "Xcode 13.0";
			developmentRegion = en;
			hasScannedForEncodings = 0;
			knownRegions = (
				en,
				Base,
			);
			mainGroup = BA71CB2527962A430044D3E3;
			productRefGroup = BA71CB2F27962A430044D3E3 /* Products */;
			projectDirPath = "";
			projectRoot = "";
			targets = (
				BA71CB2D27962A430044D3E3 /* Lab1_OnurcanSever_C0830345_iOS */,
			);
		};
/* End PBXProject section */

/* Begin PBXResourcesBuildPhase section */
		BA71CB2C27962A430044D3E3 /* Resources */ = {
			isa = PBXResourcesBuildPhase;
			buildActionMask = 2147483647;
			files = (
				BA71CB3E27962A440044D3E3 /* LaunchScreen.storyboard in Resources */,
				BA71CB3B27962A440044D3E3 /* Assets.xcassets in Resources */,
				BA71CB3927962A430044D3E3 /* Main.storyboard in Resources */,
			);
			runOnlyForDeploymentPostprocessing = 0;
		};
/* End PBXResourcesBuildPhase section */

/* Begin PBXSourcesBuildPhase section */
		BA71CB2A27962A430044D3E3 /* Sources */ = {
			isa = PBXSourcesBuildPhase;
			buildActionMask = 2147483647;
			files = (
				BA71CB3627962A430044D3E3 /* ViewController.swift in Sources */,
				BA71CB3227962A430044D3E3 /* AppDelegate.swift in Sources */,
				BA71CB3427962A430044D3E3 /* SceneDelegate.swift in Sources */,
				BA71CB49279650660044D3E3 /* Game.swift in Sources */,
			);
			runOnlyForDeploymentPostprocessing = 0;
		};
/* End PBXSourcesBuildPhase section */

/* Begin PBXVariantGroup section */
		BA71CB3727962A430044D3E3 /* Main.storyboard */ = {
			isa = PBXVariantGroup;
			children = (
				BA71CB3827962A430044D3E3 /* Base */,
			);
			name = Main.storyboard;
			sourceTree = "<group>";
		};
		BA71CB3C27962A440044D3E3 /* LaunchScreen.storyboard */ = {
			isa = PBXVariantGroup;
			children = (
				BA71CB3D27962A440044D3E3 /* Base */,
			);
			name = LaunchScreen.storyboard;
			sourceTree = "<group>";
		};
/* End PBXVariantGroup section */

/* Begin XCBuildConfiguration section */
		BA71CB4027962A440044D3E3 /* Debug */ = {
			isa = XCBuildConfiguration;
			buildSettings = {
				ALWAYS_SEARCH_USER_PATHS = NO;
				CLANG_ANALYZER_NONNULL = YES;
				CLANG_ANALYZER_NUMBER_OBJECT_CONVERSION = YES_AGGRESSIVE;
				CLANG_CXX_LANGUAGE_STANDARD = "gnu++17";
				CLANG_CXX_LIBRARY = "libc++";
				CLANG_ENABLE_MODULES = YES;
				CLANG_ENABLE_OBJC_ARC = YES;
				CLANG_ENABLE_OBJC_WEAK = YES;
				CLANG_WARN_BLOCK_CAPTURE_AUTORELEASING = YES;
				CLANG_WARN_BOOL_CONVERSION = YES;
				CLANG_WARN_COMMA = YES;
				CLANG_WARN_CONSTANT_CONVERSION = YES;
				CLANG_WARN_DEPRECATED_OBJC_IMPLEMENTATIONS = YES;
				CLANG_WARN_DIRECT_OBJC_ISA_USAGE = YES_ERROR;
				CLANG_WARN_DOCUMENTATION_COMMENTS = YES;
				CLANG_WARN_EMPTY_BODY = YES;
				CLANG_WARN_ENUM_CONVERSION = YES;
				CLANG_WARN_INFINITE_RECURSION = YES;
				CLANG_WARN_INT_CONVERSION = YES;
				CLANG_WARN_NON_LITERAL_NULL_CONVERSION = YES;
				CLANG_WARN_OBJC_IMPLICIT_RETAIN_SELF = YES;
				CLANG_WARN_OBJC_LITERAL_CONVERSION = YES;
				CLANG_WARN_OBJC_ROOT_CLASS = YES_ERROR;
				CLANG_WARN_QUOTED_INCLUDE_IN_FRAMEWORK_HEADER = YES;
				CLANG_WARN_RANGE_LOOP_ANALYSIS = YES;
				CLANG_WARN_STRICT_PROTOTYPES = YES;
				CLANG_WARN_SUSPICIOUS_MOVE = YES;
				CLANG_WARN_UNGUARDED_AVAILABILITY = YES_AGGRESSIVE;
				CLANG_WARN_UNREACHABLE_CODE = YES;
				CLANG_WARN__DUPLICATE_METHOD_MATCH = YES;
				COPY_PHASE_STRIP = NO;
				DEBUG_INFORMATION_FORMAT = dwarf;
				ENABLE_STRICT_OBJC_MSGSEND = YES;
				ENABLE_TESTABILITY = YES;
				GCC_C_LANGUAGE_STANDARD = gnu11;
				GCC_DYNAMIC_NO_PIC = NO;
				GCC_NO_COMMON_BLOCKS = YES;
				GCC_OPTIMIZATION_LEVEL = 0;
				GCC_PREPROCESSOR_DEFINITIONS = (
					"DEBUG=1",
					"$(inherited)",
				);
				GCC_WARN_64_TO_32_BIT_CONVERSION = YES;
				GCC_WARN_ABOUT_RETURN_TYPE = YES_ERROR;
				GCC_WARN_UNDECLARED_SELECTOR = YES;
				GCC_WARN_UNINITIALIZED_AUTOS = YES_AGGRESSIVE;
				GCC_WARN_UNUSED_FUNCTION = YES;
				GCC_WARN_UNUSED_VARIABLE = YES;
				IPHONEOS_DEPLOYMENT_TARGET = 15.2;
				MTL_ENABLE_DEBUG_INFO = INCLUDE_SOURCE;
				MTL_FAST_MATH = YES;
				ONLY_ACTIVE_ARCH = YES;
				SDKROOT = iphoneos;
				SWIFT_ACTIVE_COMPILATION_CONDITIONS = DEBUG;
				SWIFT_OPTIMIZATION_LEVEL = "-Onone";
			};
			name = Debug;
		};
		BA71CB4127962A440044D3E3 /* Release */ = {
			isa = XCBuildConfiguration;
			buildSettings = {
				ALWAYS_SEARCH_USER_PATHS = NO;
				CLANG_ANALYZER_NONNULL = YES;
				CLANG_ANALYZER_NUMBER_OBJECT_CONVERSION = YES_AGGRESSIVE;
				CLANG_CXX_LANGUAGE_STANDARD = "gnu++17";
				CLANG_CXX_LIBRARY = "libc++";
				CLANG_ENABLE_MODULES = YES;
				CLANG_ENABLE_OBJC_ARC = YES;
				CLANG_ENABLE_OBJC_WEAK = YES;
				CLANG_WARN_BLOCK_CAPTURE_AUTORELEASING = YES;
				CLANG_WARN_BOOL_CONVERSION = YES;
				CLANG_WARN_COMMA = YES;
				CLANG_WARN_CONSTANT_CONVERSION = YES;
				CLANG_WARN_DEPRECATED_OBJC_IMPLEMENTATIONS = YES;
				CLANG_WARN_DIRECT_OBJC_ISA_USAGE = YES_ERROR;
				CLANG_WARN_DOCUMENTATION_COMMENTS = YES;
				CLANG_WARN_EMPTY_BODY = YES;
				CLANG_WARN_ENUM_CONVERSION = YES;
				CLANG_WARN_INFINITE_RECURSION = YES;
				CLANG_WARN_INT_CONVERSION = YES;
				CLANG_WARN_NON_LITERAL_NULL_CONVERSION = YES;
				CLANG_WARN_OBJC_IMPLICIT_RETAIN_SELF = YES;
				CLANG_WARN_OBJC_LITERAL_CONVERSION = YES;
				CLANG_WARN_OBJC_ROOT_CLASS = YES_ERROR;
				CLANG_WARN_QUOTED_INCLUDE_IN_FRAMEWORK_HEADER = YES;
				CLANG_WARN_RANGE_LOOP_ANALYSIS = YES;
				CLANG_WARN_STRICT_PROTOTYPES = YES;
				CLANG_WARN_SUSPICIOUS_MOVE = YES;
				CLANG_WARN_UNGUARDED_AVAILABILITY = YES_AGGRESSIVE;
				CLANG_WARN_UNREACHABLE_CODE = YES;
				CLANG_WARN__DUPLICATE_METHOD_MATCH = YES;
				COPY_PHASE_STRIP = NO;
				DEBUG_INFORMATION_FORMAT = "dwarf-with-dsym";
				ENABLE_NS_ASSERTIONS = NO;
				ENABLE_STRICT_OBJC_MSGSEND = YES;
				GCC_C_LANGUAGE_STANDARD = gnu11;
				GCC_NO_COMMON_BLOCKS = YES;
				GCC_WARN_64_TO_32_BIT_CONVERSION = YES;
				GCC_WARN_ABOUT_RETURN_TYPE = YES_ERROR;
				GCC_WARN_UNDECLARED_SELECTOR = YES;
				GCC_WARN_UNINITIALIZED_AUTOS = YES_AGGRESSIVE;
				GCC_WARN_UNUSED_FUNCTION = YES;
				GCC_WARN_UNUSED_VARIABLE = YES;
				IPHONEOS_DEPLOYMENT_TARGET = 15.2;
				MTL_ENABLE_DEBUG_INFO = NO;
				MTL_FAST_MATH = YES;
				SDKROOT = iphoneos;
				SWIFT_COMPILATION_MODE = wholemodule;
				SWIFT_OPTIMIZATION_LEVEL = "-O";
				VALIDATE_PRODUCT = YES;
			};
			name = Release;
		};
		BA71CB4327962A440044D3E3 /* Debug */ = {
			isa = XCBuildConfiguration;
			buildSettings = {
				ASSETCATALOG_COMPILER_APPICON_NAME = AppIcon;
				ASSETCATALOG_COMPILER_GLOBAL_ACCENT_COLOR_NAME = AccentColor;
				CODE_SIGN_STYLE = Automatic;
				CURRENT_PROJECT_VERSION = 1;
				DEVELOPMENT_TEAM = B7BMA2TAJK;
				GENERATE_INFOPLIST_FILE = YES;
				INFOPLIST_FILE = Lab1_OnurcanSever_C0830345_iOS/Info.plist;
				INFOPLIST_KEY_UIApplicationSupportsIndirectInputEvents = YES;
				INFOPLIST_KEY_UILaunchStoryboardName = LaunchScreen;
				INFOPLIST_KEY_UIMainStoryboardFile = Main;
				INFOPLIST_KEY_UISupportedInterfaceOrientations = UIInterfaceOrientationPortrait;
				INFOPLIST_KEY_UISupportedInterfaceOrientations_iPad = "UIInterfaceOrientationPortrait UIInterfaceOrientationPortraitUpsideDown UIInterfaceOrientationLandscapeLeft UIInterfaceOrientationLandscapeRight";
				INFOPLIST_KEY_UISupportedInterfaceOrientations_iPhone = "UIInterfaceOrientationPortrait UIInterfaceOrientationLandscapeLeft UIInterfaceOrientationLandscapeRight";
				LD_RUNPATH_SEARCH_PATHS = (
					"$(inherited)",
					"@executable_path/Frameworks",
				);
				MARKETING_VERSION = 1.0;
				PRODUCT_BUNDLE_IDENTIFIER = "com.onurcansever.Lab1-OnurcanSever-C0830345-iOS";
				PRODUCT_NAME = "$(TARGET_NAME)";
				SWIFT_EMIT_LOC_STRINGS = YES;
				SWIFT_VERSION = 5.0;
				TARGETED_DEVICE_FAMILY = 1;
			};
			name = Debug;
		};
		BA71CB4427962A440044D3E3 /* Release */ = {
			isa = XCBuildConfiguration;
			buildSettings = {
				ASSETCATALOG_COMPILER_APPICON_NAME = AppIcon;
				ASSETCATALOG_COMPILER_GLOBAL_ACCENT_COLOR_NAME = AccentColor;
				CODE_SIGN_STYLE = Automatic;
				CURRENT_PROJECT_VERSION = 1;
				DEVELOPMENT_TEAM = B7BMA2TAJK;
				GENERATE_INFOPLIST_FILE = YES;
				INFOPLIST_FILE = Lab1_OnurcanSever_C0830345_iOS/Info.plist;
				INFOPLIST_KEY_UIApplicationSupportsIndirectInputEvents = YES;
				INFOPLIST_KEY_UILaunchStoryboardName = LaunchScreen;
				INFOPLIST_KEY_UIMainStoryboardFile = Main;
				INFOPLIST_KEY_UISupportedInterfaceOrientations = UIInterfaceOrientationPortrait;
				INFOPLIST_KEY_UISupportedInterfaceOrientations_iPad = "UIInterfaceOrientationPortrait UIInterfaceOrientationPortraitUpsideDown UIInterfaceOrientationLandscapeLeft UIInterfaceOrientationLandscapeRight";
				INFOPLIST_KEY_UISupportedInterfaceOrientations_iPhone = "UIInterfaceOrientationPortrait UIInterfaceOrientationLandscapeLeft UIInterfaceOrientationLandscapeRight";
				LD_RUNPATH_SEARCH_PATHS = (
					"$(inherited)",
					"@executable_path/Frameworks",
				);
				MARKETING_VERSION = 1.0;
				PRODUCT_BUNDLE_IDENTIFIER = "com.onurcansever.Lab1-OnurcanSever-C0830345-iOS";
				PRODUCT_NAME = "$(TARGET_NAME)";
				SWIFT_EMIT_LOC_STRINGS = YES;
				SWIFT_VERSION = 5.0;
				TARGETED_DEVICE_FAMILY = 1;
			};
			name = Release;
		};
/* End XCBuildConfiguration section */

/* Begin XCConfigurationList section */
		BA71CB2927962A430044D3E3 /* Build configuration list for PBXProject "Lab1_OnurcanSever_C0830345_iOS" */ = {
			isa = XCConfigurationList;
			buildConfigurations = (
				BA71CB4027962A440044D3E3 /* Debug */,
				BA71CB4127962A440044D3E3 /* Release */,
			);
			defaultConfigurationIsVisible = 0;
			defaultConfigurationName = Release;
		};
		BA71CB4227962A440044D3E3 /* Build configuration list for PBXNativeTarget "Lab1_OnurcanSever_C0830345_iOS" */ = {
			isa = XCConfigurationList;
			buildConfigurations = (
				BA71CB4327962A440044D3E3 /* Debug */,
				BA71CB4427962A440044D3E3 /* Release */,
			);
			defaultConfigurationIsVisible = 0;
			defaultConfigurationName = Release;
		};
/* End XCConfigurationList section */
	};
	rootObject = BA71CB2627962A430044D3E3 /* Project object */;
}
